
Microsoft Visual Studio Solution File, Format Version 12.00
# Visual Studio 15
VisualStudioVersion = 15.0.28307.572
MinimumVisualStudioVersion = 10.0.40219.1
Project("{FAE04EC0-301F-11D3-BF4B-00C04F79EFBC}") = "DrawioFontAwesomeLibraryTool", "DrawioFontAwesomeLibraryTool\DrawioFontAwesomeLibraryTool.csproj", "{302F0C97-8931-452F-AC6F-6FEE54877958}"
EndProject
Global
	GlobalSection(SolutionConfigurationPlatforms) = preSolution
		Debug|Any CPU = Debug|Any CPU
		Release|Any CPU = Release|Any CPU
	EndGlobalSection
	GlobalSection(ProjectConfigurationPlatforms) = postSolution
		{302F0C97-8931-452F-AC6F-6FEE54877958}.Debug|Any CPU.ActiveCfg = Debug|Any CPU
		{302F0C97-8931-452F-AC6F-6FEE54877958}.Debug|Any CPU.Build.0 = Debug|Any CPU
		{302F0C97-8931-452F-AC6F-6FEE54877958}.Release|Any CPU.ActiveCfg = Release|Any CPU
		{302F0C97-8931-452F-AC6F-6FEE54877958}.Release|Any CPU.Build.0 = Release|Any CPU
	EndGlobalSection
	GlobalSection(SolutionProperties) = preSolution
		HideSolutionNode = FALSE
	EndGlobalSection
	GlobalSection(ExtensibilityGlobals) = postSolution
		SolutionGuid = {11DEFD26-6A3F-4901-A5EB-3118013CCA5B}
	EndGlobalSection
EndGlobal
